
Microsoft Visual Studio Solution File, Format Version 12.00
Project("{FAE04EC0-301F-11D3-BF4B-00C04F79EFBC}") = "Ocellus", "Ocellus\Ocellus.csproj", "{52F056CC-5754-41DC-A8C6-A1E534870620}"
EndProject
Project("{FAE04EC0-301F-11D3-BF4B-00C04F79EFBC}") = "Ocellus.Core", "Ocellus.Core\Ocellus.Core.csproj", "{5ECE2CE1-8EDD-403F-9D58-D71953D40305}"
EndProject
Global
	GlobalSection(SolutionConfigurationPlatforms) = preSolution
		Debug|Any CPU = Debug|Any CPU
		Release|Any CPU = Release|Any CPU
	EndGlobalSection
	GlobalSection(ProjectConfigurationPlatforms) = postSolution
		{52F056CC-5754-41DC-A8C6-A1E534870620}.Debug|Any CPU.ActiveCfg = Debug|Any CPU
		{52F056CC-5754-41DC-A8C6-A1E534870620}.Debug|Any CPU.Build.0 = Debug|Any CPU
		{52F056CC-5754-41DC-A8C6-A1E534870620}.Release|Any CPU.ActiveCfg = Release|Any CPU
		{52F056CC-5754-41DC-A8C6-A1E534870620}.Release|Any CPU.Build.0 = Release|Any CPU
		{5ECE2CE1-8EDD-403F-9D58-D71953D40305}.Debug|Any CPU.ActiveCfg = Debug|Any CPU
		{5ECE2CE1-8EDD-403F-9D58-D71953D40305}.Debug|Any CPU.Build.0 = Debug|Any CPU
		{5ECE2CE1-8EDD-403F-9D58-D71953D40305}.Release|Any CPU.ActiveCfg = Release|Any CPU
		{5ECE2CE1-8EDD-403F-9D58-D71953D40305}.Release|Any CPU.Build.0 = Release|Any CPU
	EndGlobalSection
EndGlobal
